
Microsoft Visual Studio Solution File, Format Version 12.00
# Visual Studio 15
VisualStudioVersion = 15.0.27428.2027
MinimumVisualStudioVersion = 10.0.40219.1
Project("{9A19103F-16F7-4668-BE54-9A1E7A4F7556}") = "ServiceLayer", "ServiceLayer\ServiceLayer.csproj", "{17790A2E-CB78-45B7-A33F-CD6550594A80}"
EndProject
Project("{9A19103F-16F7-4668-BE54-9A1E7A4F7556}") = "ServiceLayer.Core", "ServiceLayer.Core\ServiceLayer.Core.csproj", "{94D1CCB0-0CBC-4313-B6EF-08BB611080AB}"
EndProject
Project("{2150E333-8FDC-42A3-9474-1A3956D46DE8}") = "Solution Items", "Solution Items", "{BC3AC4C8-1D9F-4645-8457-9BFB3F8B731C}"
	ProjectSection(SolutionItems) = preProject
		README.md = README.md
	EndProjectSection
EndProject
Project("{2150E333-8FDC-42A3-9474-1A3956D46DE8}") = "Tests", "Tests", "{AAF26276-3CA3-42B5-8A4E-EC62655069D8}"
EndProject
Project("{FAE04EC0-301F-11D3-BF4B-00C04F79EFBC}") = "UnitTests", "UnitTests\UnitTests.csproj", "{8E869E82-86B8-4FBC-945C-20A28D972453}"
EndProject
Global
	GlobalSection(SolutionConfigurationPlatforms) = preSolution
		Debug|Any CPU = Debug|Any CPU
		Release|Any CPU = Release|Any CPU
	EndGlobalSection
	GlobalSection(ProjectConfigurationPlatforms) = postSolution
		{17790A2E-CB78-45B7-A33F-CD6550594A80}.Debug|Any CPU.ActiveCfg = Debug|Any CPU
		{17790A2E-CB78-45B7-A33F-CD6550594A80}.Debug|Any CPU.Build.0 = Debug|Any CPU
		{17790A2E-CB78-45B7-A33F-CD6550594A80}.Release|Any CPU.ActiveCfg = Release|Any CPU
		{17790A2E-CB78-45B7-A33F-CD6550594A80}.Release|Any CPU.Build.0 = Release|Any CPU
		{94D1CCB0-0CBC-4313-B6EF-08BB611080AB}.Debug|Any CPU.ActiveCfg = Debug|Any CPU
		{94D1CCB0-0CBC-4313-B6EF-08BB611080AB}.Debug|Any CPU.Build.0 = Debug|Any CPU
		{94D1CCB0-0CBC-4313-B6EF-08BB611080AB}.Release|Any CPU.ActiveCfg = Release|Any CPU
		{94D1CCB0-0CBC-4313-B6EF-08BB611080AB}.Release|Any CPU.Build.0 = Release|Any CPU
		{8E869E82-86B8-4FBC-945C-20A28D972453}.Debug|Any CPU.ActiveCfg = Debug|Any CPU
		{8E869E82-86B8-4FBC-945C-20A28D972453}.Debug|Any CPU.Build.0 = Debug|Any CPU
		{8E869E82-86B8-4FBC-945C-20A28D972453}.Release|Any CPU.ActiveCfg = Release|Any CPU
		{8E869E82-86B8-4FBC-945C-20A28D972453}.Release|Any CPU.Build.0 = Release|Any CPU
	EndGlobalSection
	GlobalSection(SolutionProperties) = preSolution
		HideSolutionNode = FALSE
	EndGlobalSection
	GlobalSection(NestedProjects) = preSolution
		{8E869E82-86B8-4FBC-945C-20A28D972453} = {AAF26276-3CA3-42B5-8A4E-EC62655069D8}
	EndGlobalSection
	GlobalSection(ExtensibilityGlobals) = postSolution
		SolutionGuid = {20A85F84-17E3-4B13-AE4D-7117DCC436D8}
	EndGlobalSection
EndGlobal
